Microsoft Visual Studio Solution File, Format Version 9.00
# Visual Studio 2005
Project("{8BC9CEB8-8B4A-11D0-8D11-00A0C91BC942}") = "qconvex", "qconvex\qconvex.vcproj", "{BACB1A4A-BA37-4C00-B917-E819EE7544A2}"
	ProjectSection(ProjectDependencies) = postProject
		{D1377F6B-7868-460C-9FC5-489C32A3D08F} = {D1377F6B-7868-460C-9FC5-489C32A3D08F}
	EndProjectSection
EndProject
Project("{8BC9CEB8-8B4A-11D0-8D11-00A0C91BC942}") = "qdelaunay", "qdelaunay\qdelaunay.vcproj", "{3DF49AFF-F703-4F13-85A2-90DE4B33D2E0}"
	ProjectSection(ProjectDependencies) = postProject
		{D1377F6B-7868-460C-9FC5-489C32A3D08F} = {D1377F6B-7868-460C-9FC5-489C32A3D08F}
	EndProjectSection
EndProject
Project("{8BC9CEB8-8B4A-11D0-8D11-00A0C91BC942}") = "qvoronoi", "qvoronoi\qvoronoi.vcproj", "{E6EA6612-4D02-4470-BF1B-047E9D97AFAD}"
	ProjectSection(ProjectDependencies) = postProject
		{D1377F6B-7868-460C-9FC5-489C32A3D08F} = {D1377F6B-7868-460C-9FC5-489C32A3D08F}
	EndProjectSection
EndProject
Project("{8BC9CEB8-8B4A-11D0-8D11-00A0C91BC942}") = "qhalf", "qhalf\qhalf.vcproj", "{99B6B80A-3029-4286-9799-845B37152F16}"
	ProjectSection(ProjectDependencies) = postProject
		{D1377F6B-7868-460C-9FC5-489C32A3D08F} = {D1377F6B-7868-460C-9FC5-489C32A3D08F}
	EndProjectSection
EndProject
Project("{8BC9CEB8-8B4A-11D0-8D11-00A0C91BC942}") = "user_eg", "user_eg\user_eg.vcproj", "{5AC0B3F9-15DA-4897-B1CE-9E433AC1C47D}"
	ProjectSection(ProjectDependencies) = postProject
		{346B4633-5623-47A0-AA35-63966AC20B03} = {346B4633-5623-47A0-AA35-63966AC20B03}
	EndProjectSection
EndProject
Project("{8BC9CEB8-8B4A-11D0-8D11-00A0C91BC942}") = "user_eg2", "user_eg2\user_eg2.vcproj", "{EAFF2400-67A0-4152-8A9D-941BBBBE5E61}"
	ProjectSection(ProjectDependencies) = postProject
		{D1377F6B-7868-460C-9FC5-489C32A3D08F} = {D1377F6B-7868-460C-9FC5-489C32A3D08F}
	EndProjectSection
EndProject
Project("{8BC9CEB8-8B4A-11D0-8D11-00A0C91BC942}") = "qhull", "qhull\qhull.vcproj", "{3EDD61DA-123C-4689-AE0F-01EDEAE68480}"
	ProjectSection(ProjectDependencies) = postProject
		{D1377F6B-7868-460C-9FC5-489C32A3D08F} = {D1377F6B-7868-460C-9FC5-489C32A3D08F}
	EndProjectSection
EndProject
Project("{8BC9CEB8-8B4A-11D0-8D11-00A0C91BC942}") = "rbox", "rbox\rbox.vcproj", "{4AD9B90B-B60D-401F-8044-32ADEE01F6C6}"
	ProjectSection(ProjectDependencies) = postProject
		{D1377F6B-7868-460C-9FC5-489C32A3D08F} = {D1377F6B-7868-460C-9FC5-489C32A3D08F}
	EndProjectSection
EndProject
Project("{8BC9CEB8-8B4A-11D0-8D11-00A0C91BC942}") = "libqhull", "libqhull.vcproj", "{D1377F6B-7868-460C-9FC5-489C32A3D08F}"
EndProject
Project("{8BC9CEB8-8B4A-11D0-8D11-00A0C91BC942}") = "libqhullp", "libqhullp.vcproj", "{346B4633-5623-47A0-AA35-63966AC20B03}"
EndProject
Global
	GlobalSection(SolutionConfigurationPlatforms) = preSolution
		Debug|Win32 = Debug|Win32
		Release|Win32 = Release|Win32
	EndGlobalSection
	GlobalSection(ProjectConfigurationPlatforms) = postSolution
		{BACB1A4A-BA37-4C00-B917-E819EE7544A2}.Debug|Win32.ActiveCfg = Debug|Win32
		{BACB1A4A-BA37-4C00-B917-E819EE7544A2}.Debug|Win32.Build.0 = Debug|Win32
		{BACB1A4A-BA37-4C00-B917-E819EE7544A2}.Release|Win32.ActiveCfg = Release|Win32
		{BACB1A4A-BA37-4C00-B917-E819EE7544A2}.Release|Win32.Build.0 = Release|Win32
		{3DF49AFF-F703-4F13-85A2-90DE4B33D2E0}.Debug|Win32.ActiveCfg = Debug|Win32
		{3DF49AFF-F703-4F13-85A2-90DE4B33D2E0}.Debug|Win32.Build.0 = Debug|Win32
		{3DF49AFF-F703-4F13-85A2-90DE4B33D2E0}.Release|Win32.ActiveCfg = Release|Win32
		{3DF49AFF-F703-4F13-85A2-90DE4B33D2E0}.Release|Win32.Build.0 = Release|Win32
		{E6EA6612-4D02-4470-BF1B-047E9D97AFAD}.Debug|Win32.ActiveCfg = Debug|Win32
		{E6EA6612-4D02-4470-BF1B-047E9D97AFAD}.Debug|Win32.Build.0 = Debug|Win32
		{E6EA6612-4D02-4470-BF1B-047E9D97AFAD}.Release|Win32.ActiveCfg = Release|Win32
		{E6EA6612-4D02-4470-BF1B-047E9D97AFAD}.Release|Win32.Build.0 = Release|Win32
		{99B6B80A-3029-4286-9799-845B37152F16}.Debug|Win32.ActiveCfg = Debug|Win32
		{99B6B80A-3029-4286-9799-845B37152F16}.Debug|Win32.Build.0 = Debug|Win32
		{99B6B80A-3029-4286-9799-845B37152F16}.Release|Win32.ActiveCfg = Release|Win32
		{99B6B80A-3029-4286-9799-845B37152F16}.Release|Win32.Build.0 = Release|Win32
		{5AC0B3F9-15DA-4897-B1CE-9E433AC1C47D}.Debug|Win32.ActiveCfg = Debug|Win32
		{5AC0B3F9-15DA-4897-B1CE-9E433AC1C47D}.Debug|Win32.Build.0 = Debug|Win32
		{5AC0B3F9-15DA-4897-B1CE-9E433AC1C47D}.Release|Win32.ActiveCfg = Release|Win32
		{5AC0B3F9-15DA-4897-B1CE-9E433AC1C47D}.Release|Win32.Build.0 = Release|Win32
		{EAFF2400-67A0-4152-8A9D-941BBBBE5E61}.Debug|Win32.ActiveCfg = Debug|Win32
		{EAFF2400-67A0-4152-8A9D-941BBBBE5E61}.Debug|Win32.Build.0 = Debug|Win32
		{EAFF2400-67A0-4152-8A9D-941BBBBE5E61}.Release|Win32.ActiveCfg = Release|Win32
		{EAFF2400-67A0-4152-8A9D-941BBBBE5E61}.Release|Win32.Build.0 = Release|Win32
		{3EDD61DA-123C-4689-AE0F-01EDEAE68480}.Debug|Win32.ActiveCfg = Debug|Win32
		{3EDD61DA-123C-4689-AE0F-01EDEAE68480}.Debug|Win32.Build.0 = Debug|Win32
		{3EDD61DA-123C-4689-AE0F-01EDEAE68480}.Release|Win32.ActiveCfg = Release|Win32
		{3EDD61DA-123C-4689-AE0F-01EDEAE68480}.Release|Win32.Build.0 = Release|Win32
		{4AD9B90B-B60D-401F-8044-32ADEE01F6C6}.Debug|Win32.ActiveCfg = Debug|Win32
		{4AD9B90B-B60D-401F-8044-32ADEE01F6C6}.Debug|Win32.Build.0 = Debug|Win32
		{4AD9B90B-B60D-401F-8044-32ADEE01F6C6}.Release|Win32.ActiveCfg = Release|Win32
		{4AD9B90B-B60D-401F-8044-32ADEE01F6C6}.Release|Win32.Build.0 = Release|Win32
		{D1377F6B-7868-460C-9FC5-489C32A3D08F}.Debug|Win32.ActiveCfg = Debug|Win32
		{D1377F6B-7868-460C-9FC5-489C32A3D08F}.Debug|Win32.Build.0 = Debug|Win32
		{D1377F6B-7868-460C-9FC5-489C32A3D08F}.Release|Win32.ActiveCfg = Release|Win32
		{D1377F6B-7868-460C-9FC5-489C32A3D08F}.Release|Win32.Build.0 = Release|Win32
		{346B4633-5623-47A0-AA35-63966AC20B03}.Debug|Win32.ActiveCfg = Debug|Win32
		{346B4633-5623-47A0-AA35-63966AC20B03}.Debug|Win32.Build.0 = Debug|Win32
		{346B4633-5623-47A0-AA35-63966AC20B03}.Release|Win32.ActiveCfg = Release|Win32
		{346B4633-5623-47A0-AA35-63966AC20B03}.Release|Win32.Build.0 = Release|Win32
	EndGlobalSection
	GlobalSection(SolutionProperties) = preSolution
		HideSolutionNode = FALSE
	EndGlobalSection
	GlobalSection(Qt) = preSolution
		                Integration = True
	EndGlobalSection
EndGlobal
